// !$*UTF8*$!
{
	archiveVersion = 1;
	classes = {
	};
	objectVersion = 48;
	objects = {

/* Begin PBXBuildFile section */
		563A15452046B5670016B518 /* AppDelegate.m in Sources */ = {isa = PBXBuildFile; fileRef = 563A15442046B5670016B518 /* AppDelegate.m */; };
		563A15482046B5670016B518 /* ViewController.m in Sources */ = {isa = PBXBuildFile; fileRef = 563A15472046B5670016B518 /* ViewController.m */; };
		563A154B2046B5670016B518 /* Main.storyboard in Resources */ = {isa = PBXBuildFile; fileRef = 563A15492046B5670016B518 /* Main.storyboard */; };
		563A154D2046B5670016B518 /* Assets.xcassets in Resources */ = {isa = PBXBuildFile; fileRef = 563A154C2046B5670016B518 /* Assets.xcassets */; };
		563A15502046B5670016B518 /* LaunchScreen.storyboard in Resources */ = {isa = PBXBuildFile; fileRef = 563A154E2046B5670016B518 /* LaunchScreen.storyboard */; };
		563A15532046B5680016B518 /* main.m in Sources */ = {isa = PBXBuildFile; fileRef = 563A15522046B5680016B518 /* main.m */; };
		563A155D2046B5680016B518 /* ModuleBTests.m in Sources */ = {isa = PBXBuildFile; fileRef = 563A155C2046B5680016B518 /* ModuleBTests.m */; };
		563A15682046B5680016B518 /* ModuleBUITests.m in Sources */ = {isa = PBXBuildFile; fileRef = 563A15672046B5680016B518 /* ModuleBUITests.m */; };
		563A157B2046B5AD0016B518 /* Animal.m in Sources */ = {isa = PBXBuildFile; fileRef = 563A15792046B5AD0016B518 /* Animal.m */; };
/* End PBXBuildFile section */

/* Begin PBXContainerItemProxy section */
		563A15592046B5680016B518 /* PBXContainerItemProxy */ = {
			isa = PBXContainerItemProxy;
			containerPortal = 563A15382046B5670016B518 /* Project object */;
			proxyType = 1;
			remoteGlobalIDString = 563A153F2046B5670016B518;
			remoteInfo = ModuleB;
		};
		563A15642046B5680016B518 /* PBXContainerItemProxy */ = {
			isa = PBXContainerItemProxy;
			containerPortal = 563A15382046B5670016B518 /* Project object */;
			proxyType = 1;
			remoteGlobalIDString = 563A153F2046B5670016B518;
			remoteInfo = ModuleB;
		};
/* End PBXContainerItemProxy section */

/* Begin PBXFileReference section */
		563A15402046B5670016B518 /* ModuleB.app */ = {isa = PBXFileReference; explicitFileType = wrapper.application; includeInIndex = 0; path = ModuleB.app; sourceTree = BUILT_PRODUCTS_DIR; };
		563A15432046B5670016B518 /* AppDelegate.h */ = {isa = PBXFileReference; lastKnownFileType = sourcecode.c.h; path = AppDelegate.h; sourceTree = "<group>"; };
		563A15442046B5670016B518 /* AppDelegate.m */ = {isa = PBXFileReference; lastKnownFileType = sourcecode.c.objc; path = AppDelegate.m; sourceTree = "<group>"; };
		563A15462046B5670016B518 /* ViewController.h */ = {isa = PBXFileReference; lastKnownFileType = sourcecode.c.h; path = ViewController.h; sourceTree = "<group>"; };
		563A15472046B5670016B518 /* ViewController.m */ = {isa = PBXFileReference; lastKnownFileType = sourcecode.c.objc; path = ViewController.m; sourceTree = "<group>"; };
		563A154A2046B5670016B518 /* Base */ = {isa = PBXFileReference; lastKnownFileType = file.storyboard; name = Base; path = Base.lproj/Main.storyboard; sourceTree = "<group>"; };
		563A154C2046B5670016B518 /* Assets.xcassets */ = {isa = PBXFileReference; lastKnownFileType = folder.assetcatalog; path = Assets.xcassets; sourceTree = "<group>"; };
		563A154F2046B5670016B518 /* Base */ = {isa = PBXFileReference; lastKnownFileType = file.storyboard; name = Base; path = Base.lproj/LaunchScreen.storyboard; sourceTree = "<group>"; };
		563A15512046B5670016B518 /* Info.plist */ = {isa = PBXFileReference; lastKnownFileType = text.plist.xml; path = Info.plist; sourceTree = "<group>"; };
		563A15522046B5680016B518 /* main.m */ = {isa = PBXFileReference; lastKnownFileType = sourcecode.c.objc; path = main.m; sourceTree = "<group>"; };
		563A15582046B5680016B518 /* ModuleBTests.xctest */ = {isa = PBXFileReference; explicitFileType = wrapper.cfbundle; includeInIndex = 0; path = ModuleBTests.xctest; sourceTree = BUILT_PRODUCTS_DIR; };
		563A155C2046B5680016B518 /* ModuleBTests.m */ = {isa = PBXFileReference; lastKnownFileType = sourcecode.c.objc; path = ModuleBTests.m; sourceTree = "<group>"; };
		563A155E2046B5680016B518 /* Info.plist */ = {isa = PBXFileReference; lastKnownFileType = text.plist.xml; path = Info.plist; sourceTree = "<group>"; };
		563A15632046B5680016B518 /* ModuleBUITests.xctest */ = {isa = PBXFileReference; explicitFileType = wrapper.cfbundle; includeInIndex = 0; path = ModuleBUITests.xctest; sourceTree = BUILT_PRODUCTS_DIR; };
		563A15672046B5680016B518 /* ModuleBUITests.m */ = {isa = PBXFileReference; lastKnownFileType = sourcecode.c.objc; path = ModuleBUITests.m; sourceTree = "<group>"; };
		563A15692046B5680016B518 /* Info.plist */ = {isa = PBXFileReference; lastKnownFileType = text.plist.xml; path = Info.plist; sourceTree = "<group>"; };
		563A15792046B5AD0016B518 /* Animal.m */ = {isa = PBXFileReference; fileEncoding = 4; lastKnownFileType = sourcecode.c.objc; path = Animal.m; sourceTree = "<group>"; };
		563A157A2046B5AD0016B518 /* Animal.h */ = {isa = PBXFileReference; fileEncoding = 4; lastKnownFileType = sourcecode.c.h; path = Animal.h; sourceTree = "<group>"; };
/* End PBXFileReference section */

/* Begin PBXFrameworksBuildPhase section */
		563A153D2046B5670016B518 /* Frameworks */ = {
			isa = PBXFrameworksBuildPhase;
			buildActionMask = 2147483647;
			files = (
			);
			runOnlyForDeploymentPostprocessing = 0;
		};
		563A15552046B5680016B518 /* Frameworks */ = {
			isa = PBXFrameworksBuildPhase;
			buildActionMask = 2147483647;
			files = (
			);
			runOnlyForDeploymentPostprocessing = 0;
		};
		563A15602046B5680016B518 /* Frameworks */ = {
			isa = PBXFrameworksBuildPhase;
			buildActionMask = 2147483647;
			files = (
			);
			runOnlyForDeploymentPostprocessing = 0;
		};
/* End PBXFrameworksBuildPhase section */

/* Begin PBXGroup section */
		563A15372046B5670016B518 = {
			isa = PBXGroup;
			children = (
				563A15422046B5670016B518 /* ModuleB */,
				563A155B2046B5680016B518 /* ModuleBTests */,
				563A15662046B5680016B518 /* ModuleBUITests */,
				563A15412046B5670016B518 /* Products */,
			);
			sourceTree = "<group>";
		};
		563A15412046B5670016B518 /* Products */ = {
			isa = PBXGroup;
			children = (
				563A15402046B5670016B518 /* ModuleB.app */,
				563A15582046B5680016B518 /* ModuleBTests.xctest */,
				563A15632046B5680016B518 /* ModuleBUITests.xctest */,
			);
			name = Products;
			sourceTree = "<group>";
		};
		563A15422046B5670016B518 /* ModuleB */ = {
			isa = PBXGroup;
			children = (
				563A15782046B5AD0016B518 /* Classes */,
				563A15432046B5670016B518 /* AppDelegate.h */,
				563A15442046B5670016B518 /* AppDelegate.m */,
				563A15462046B5670016B518 /* ViewController.h */,
				563A15472046B5670016B518 /* ViewController.m */,
				563A15492046B5670016B518 /* Main.storyboard */,
				563A154C2046B5670016B518 /* Assets.xcassets */,
				563A154E2046B5670016B518 /* LaunchScreen.storyboard */,
				563A15512046B5670016B518 /* Info.plist */,
				563A15522046B5680016B518 /* main.m */,
			);
			path = ModuleB;
			sourceTree = "<group>";
		};
		563A155B2046B5680016B518 /* ModuleBTests */ = {
			isa = PBXGroup;
			children = (
				563A155C2046B5680016B518 /* ModuleBTests.m */,
				563A155E2046B5680016B518 /* Info.plist */,
			);
			path = ModuleBTests;
			sourceTree = "<group>";
		};
		563A15662046B5680016B518 /* ModuleBUITests */ = {
			isa = PBXGroup;
			children = (
				563A15672046B5680016B518 /* ModuleBUITests.m */,
				563A15692046B5680016B518 /* Info.plist */,
			);
			path = ModuleBUITests;
			sourceTree = "<group>";
		};
		563A15782046B5AD0016B518 /* Classes */ = {
			isa = PBXGroup;
			children = (
				563A157A2046B5AD0016B518 /* Animal.h */,
				563A15792046B5AD0016B518 /* Animal.m */,
			);
			path = Classes;
			sourceTree = "<group>";
		};
/* End PBXGroup section */

/* Begin PBXNativeTarget section */
		563A153F2046B5670016B518 /* ModuleB */ = {
			isa = PBXNativeTarget;
			buildConfigurationList = 563A156C2046B5680016B518 /* Build configuration list for PBXNativeTarget "ModuleB" */;
			buildPhases = (
				563A153C2046B5670016B518 /* Sources */,
				563A153D2046B5670016B518 /* Frameworks */,
				563A153E2046B5670016B518 /* Resources */,
			);
			buildRules = (
			);
			dependencies = (
			);
			name = ModuleB;
			productName = ModuleB;
			productReference = 563A15402046B5670016B518 /* ModuleB.app */;
			productType = "com.apple.product-type.application";
		};
		563A15572046B5680016B518 /* ModuleBTests */ = {
			isa = PBXNativeTarget;
			buildConfigurationList = 563A156F2046B5680016B518 /* Build configuration list for PBXNativeTarget "ModuleBTests" */;
			buildPhases = (
				563A15542046B5680016B518 /* Sources */,
				563A15552046B5680016B518 /* Frameworks */,
				563A15562046B5680016B518 /* Resources */,
			);
			buildRules = (
			);
			dependencies = (
				563A155A2046B5680016B518 /* PBXTargetDependency */,
			);
			name = ModuleBTests;
			productName = ModuleBTests;
			productReference = 563A15582046B5680016B518 /* ModuleBTests.xctest */;
			productType = "com.apple.product-type.bundle.unit-test";
		};
		563A15622046B5680016B518 /* ModuleBUITests */ = {
			isa = PBXNativeTarget;
			buildConfigurationList = 563A15722046B5680016B518 /* Build configuration list for PBXNativeTarget "ModuleBUITests" */;
			buildPhases = (
				563A155F2046B5680016B518 /* Sources */,
				563A15602046B5680016B518 /* Frameworks */,
				563A15612046B5680016B518 /* Resources */,
			);
			buildRules = (
			);
			dependencies = (
				563A15652046B5680016B518 /* PBXTargetDependency */,
			);
			name = ModuleBUITests;
			productName = ModuleBUITests;
			productReference = 563A15632046B5680016B518 /* ModuleBUITests.xctest */;
			productType = "com.apple.product-type.bundle.ui-testing";
		};
/* End PBXNativeTarget section */

/* Begin PBXProject section */
		563A15382046B5670016B518 /* Project object */ = {
			isa = PBXProject;
			attributes = {
				LastUpgradeCheck = 0910;
				ORGANIZATIONNAME = "丁灿";
				TargetAttributes = {
					563A153F2046B5670016B518 = {
						CreatedOnToolsVersion = 9.1;
						ProvisioningStyle = Automatic;
					};
					563A15572046B5680016B518 = {
						CreatedOnToolsVersion = 9.1;
						ProvisioningStyle = Automatic;
						TestTargetID = 563A153F2046B5670016B518;
					};
					563A15622046B5680016B518 = {
						CreatedOnToolsVersion = 9.1;
						ProvisioningStyle = Automatic;
						TestTargetID = 563A153F2046B5670016B518;
					};
				};
			};
			buildConfigurationList = 563A153B2046B5670016B518 /* Build configuration list for PBXProject "ModuleB" */;
			compatibilityVersion = "Xcode 8.0";
			developmentRegion = en;
			hasScannedForEncodings = 0;
			knownRegions = (
				en,
				Base,
			);
			mainGroup = 563A15372046B5670016B518;
			productRefGroup = 563A15412046B5670016B518 /* Products */;
			projectDirPath = "";
			projectRoot = "";
			targets = (
				563A153F2046B5670016B518 /* ModuleB */,
				563A15572046B5680016B518 /* ModuleBTests */,
				563A15622046B5680016B518 /* ModuleBUITests */,
			);
		};
/* End PBXProject section */

/* Begin PBXResourcesBuildPhase section */
		563A153E2046B5670016B518 /* Resources */ = {
			isa = PBXResourcesBuildPhase;
			buildActionMask = 2147483647;
			files = (
				563A15502046B5670016B518 /* LaunchScreen.storyboard in Resources */,
				563A154D2046B5670016B518 /* Assets.xcassets in Resources */,
				563A154B2046B5670016B518 /* Main.storyboard in Resources */,
			);
			runOnlyForDeploymentPostprocessing = 0;
		};
		563A15562046B5680016B518 /* Resources */ = {
			isa = PBXResourcesBuildPhase;
			buildActionMask = 2147483647;
			files = (
			);
			runOnlyForDeploymentPostprocessing = 0;
		};
		563A15612046B5680016B518 /* Resources */ = {
			isa = PBXResourcesBuildPhase;
			buildActionMask = 2147483647;
			files = (
			);
			runOnlyForDeploymentPostprocessing = 0;
		};
/* End PBXResourcesBuildPhase section */

/* Begin PBXSourcesBuildPhase section */
		563A153C2046B5670016B518 /* Sources */ = {
			isa = PBXSourcesBuildPhase;
			buildActionMask = 2147483647;
			files = (
				563A15482046B5670016B518 /* ViewController.m in Sources */,
				563A157B2046B5AD0016B518 /* Animal.m in Sources */,
				563A15532046B5680016B518 /* main.m in Sources */,
				563A15452046B5670016B518 /* AppDelegate.m in Sources */,
			);
			runOnlyForDeploymentPostprocessing = 0;
		};
		563A15542046B5680016B518 /* Sources */ = {
			isa = PBXSourcesBuildPhase;
			buildActionMask = 2147483647;
			files = (
				563A155D2046B5680016B518 /* ModuleBTests.m in Sources */,
			);
			runOnlyForDeploymentPostprocessing = 0;
		};
		563A155F2046B5680016B518 /* Sources */ = {
			isa = PBXSourcesBuildPhase;
			buildActionMask = 2147483647;
			files = (
				563A15682046B5680016B518 /* ModuleBUITests.m in Sources */,
			);
			runOnlyForDeploymentPostprocessing = 0;
		};
/* End PBXSourcesBuildPhase section */

/* Begin PBXTargetDependency section */
		563A155A2046B5680016B518 /* PBXTargetDependency */ = {
			isa = PBXTargetDependency;
			target = 563A153F2046B5670016B518 /* ModuleB */;
			targetProxy = 563A15592046B5680016B518 /* PBXContainerItemProxy */;
		};
		563A15652046B5680016B518 /* PBXTargetDependency */ = {
			isa = PBXTargetDependency;
			target = 563A153F2046B5670016B518 /* ModuleB */;
			targetProxy = 563A15642046B5680016B518 /* PBXContainerItemProxy */;
		};
/* End PBXTargetDependency section */

/* Begin PBXVariantGroup section */
		563A15492046B5670016B518 /* Main.storyboard */ = {
			isa = PBXVariantGroup;
			children = (
				563A154A2046B5670016B518 /* Base */,
			);
			name = Main.storyboard;
			sourceTree = "<group>";
		};
		563A154E2046B5670016B518 /* LaunchScreen.storyboard */ = {
			isa = PBXVariantGroup;
			children = (
				563A154F2046B5670016B518 /* Base */,
			);
			name = LaunchScreen.storyboard;
			sourceTree = "<group>";
		};
/* End PBXVariantGroup section */

/* Begin XCBuildConfiguration section */
		563A156A2046B5680016B518 /* Debug */ = {
			isa = XCBuildConfiguration;
			buildSettings = {
				ALWAYS_SEARCH_USER_PATHS = NO;
				CLANG_ANALYZER_NONNULL = YES;
				CLANG_ANALYZER_NUMBER_OBJECT_CONVERSION = YES_AGGRESSIVE;
				CLANG_CXX_LANGUAGE_STANDARD = "gnu++14";
				CLANG_CXX_LIBRARY = "libc++";
				CLANG_ENABLE_MODULES = YES;
				CLANG_ENABLE_OBJC_ARC = YES;
				CLANG_WARN_BLOCK_CAPTURE_AUTORELEASING = YES;
				CLANG_WARN_BOOL_CONVERSION = YES;
				CLANG_WARN_COMMA = YES;
				CLANG_WARN_CONSTANT_CONVERSION = YES;
				CLANG_WARN_DIRECT_OBJC_ISA_USAGE = YES_ERROR;
				CLANG_WARN_DOCUMENTATION_COMMENTS = YES;
				CLANG_WARN_EMPTY_BODY = YES;
				CLANG_WARN_ENUM_CONVERSION = YES;
				CLANG_WARN_INFINITE_RECURSION = YES;
				CLANG_WARN_INT_CONVERSION = YES;
				CLANG_WARN_NON_LITERAL_NULL_CONVERSION = YES;
				CLANG_WARN_OBJC_LITERAL_CONVERSION = YES;
				CLANG_WARN_OBJC_ROOT_CLASS = YES_ERROR;
				CLANG_WARN_RANGE_LOOP_ANALYSIS = YES;
				CLANG_WARN_STRICT_PROTOTYPES = YES;
				CLANG_WARN_SUSPICIOUS_MOVE = YES;
				CLANG_WARN_UNGUARDED_AVAILABILITY = YES_AGGRESSIVE;
				CLANG_WARN_UNREACHABLE_CODE = YES;
				CLANG_WARN__DUPLICATE_METHOD_MATCH = YES;
				CODE_SIGN_IDENTITY = "iPhone Developer";
				COPY_PHASE_STRIP = NO;
				DEBUG_INFORMATION_FORMAT = dwarf;
				ENABLE_STRICT_OBJC_MSGSEND = YES;
				ENABLE_TESTABILITY = YES;
				GCC_C_LANGUAGE_STANDARD = gnu11;
				GCC_DYNAMIC_NO_PIC = NO;
				GCC_NO_COMMON_BLOCKS = YES;
				GCC_OPTIMIZATION_LEVEL = 0;
				GCC_PREPROCESSOR_DEFINITIONS = (
					"DEBUG=1",
					"$(inherited)",
				);
				GCC_WARN_64_TO_32_BIT_CONVERSION = YES;
				GCC_WARN_ABOUT_RETURN_TYPE = YES_ERROR;
				GCC_WARN_UNDECLARED_SELECTOR = YES;
				GCC_WARN_UNINITIALIZED_AUTOS = YES_AGGRESSIVE;
				GCC_WARN_UNUSED_FUNCTION = YES;
				GCC_WARN_UNUSED_VARIABLE = YES;
				IPHONEOS_DEPLOYMENT_TARGET = 11.1;
				MTL_ENABLE_DEBUG_INFO = YES;
				ONLY_ACTIVE_ARCH = YES;
				SDKROOT = iphoneos;
			};
			name = Debug;
		};
		563A156B2046B5680016B518 /* Release */ = {
			isa = XCBuildConfiguration;
			buildSettings = {
				ALWAYS_SEARCH_USER_PATHS = NO;
				CLANG_ANALYZER_NONNULL = YES;
				CLANG_ANALYZER_NUMBER_OBJECT_CONVERSION = YES_AGGRESSIVE;
				CLANG_CXX_LANGUAGE_STANDARD = "gnu++14";
				CLANG_CXX_LIBRARY = "libc++";
				CLANG_ENABLE_MODULES = YES;
				CLANG_ENABLE_OBJC_ARC = YES;
				CLANG_WARN_BLOCK_CAPTURE_AUTORELEASING = YES;
				CLANG_WARN_BOOL_CONVERSION = YES;
				CLANG_WARN_COMMA = YES;
				CLANG_WARN_CONSTANT_CONVERSION = YES;
				CLANG_WARN_DIRECT_OBJC_ISA_USAGE = YES_ERROR;
				CLANG_WARN_DOCUMENTATION_COMMENTS = YES;
				CLANG_WARN_EMPTY_BODY = YES;
				CLANG_WARN_ENUM_CONVERSION = YES;
				CLANG_WARN_INFINITE_RECURSION = YES;
				CLANG_WARN_INT_CONVERSION = YES;
				CLANG_WARN_NON_LITERAL_NULL_CONVERSION = YES;
				CLANG_WARN_OBJC_LITERAL_CONVERSION = YES;
				CLANG_WARN_OBJC_ROOT_CLASS = YES_ERROR;
				CLANG_WARN_RANGE_LOOP_ANALYSIS = YES;
				CLANG_WARN_STRICT_PROTOTYPES = YES;
				CLANG_WARN_SUSPICIOUS_MOVE = YES;
				CLANG_WARN_UNGUARDED_AVAILABILITY = YES_AGGRESSIVE;
				CLANG_WARN_UNREACHABLE_CODE = YES;
				CLANG_WARN__DUPLICATE_METHOD_MATCH = YES;
				CODE_SIGN_IDENTITY = "iPhone Developer";
				COPY_PHASE_STRIP = NO;
				DEBUG_INFORMATION_FORMAT = "dwarf-with-dsym";
				ENABLE_NS_ASSERTIONS = NO;
				ENABLE_STRICT_OBJC_MSGSEND = YES;
				GCC_C_LANGUAGE_STANDARD = gnu11;
				GCC_NO_COMMON_BLOCKS = YES;
				GCC_WARN_64_TO_32_BIT_CONVERSION = YES;
				GCC_WARN_ABOUT_RETURN_TYPE = YES_ERROR;
				GCC_WARN_UNDECLARED_SELECTOR = YES;
				GCC_WARN_UNINITIALIZED_AUTOS = YES_AGGRESSIVE;
				GCC_WARN_UNUSED_FUNCTION = YES;
				GCC_WARN_UNUSED_VARIABLE = YES;
				IPHONEOS_DEPLOYMENT_TARGET = 11.1;
				MTL_ENABLE_DEBUG_INFO = NO;
				SDKROOT = iphoneos;
				VALIDATE_PRODUCT = YES;
			};
			name = Release;
		};
		563A156D2046B5680016B518 /* Debug */ = {
			isa = XCBuildConfiguration;
			buildSettings = {
				ASSETCATALOG_COMPILER_APPICON_NAME = AppIcon;
				CODE_SIGN_STYLE = Automatic;
				DEVELOPMENT_TEAM = 2XNBUJ7N2K;
				INFOPLIST_FILE = ModuleB/Info.plist;
				LD_RUNPATH_SEARCH_PATHS = "$(inherited) @executable_path/Frameworks";
				PRODUCT_BUNDLE_IDENTIFIER = DC.ModuleB;
				PRODUCT_NAME = "$(TARGET_NAME)";
				TARGETED_DEVICE_FAMILY = "1,2";
			};
			name = Debug;
		};
		563A156E2046B5680016B518 /* Release */ = {
			isa = XCBuildConfiguration;
			buildSettings = {
				ASSETCATALOG_COMPILER_APPICON_NAME = AppIcon;
				CODE_SIGN_STYLE = Automatic;
				DEVELOPMENT_TEAM = 2XNBUJ7N2K;
				INFOPLIST_FILE = ModuleB/Info.plist;
				LD_RUNPATH_SEARCH_PATHS = "$(inherited) @executable_path/Frameworks";
				PRODUCT_BUNDLE_IDENTIFIER = DC.ModuleB;
				PRODUCT_NAME = "$(TARGET_NAME)";
				TARGETED_DEVICE_FAMILY = "1,2";
			};
			name = Release;
		};
		563A15702046B5680016B518 /* Debug */ = {
			isa = XCBuildConfiguration;
			buildSettings = {
				BUNDLE_LOADER = "$(TEST_HOST)";
				CODE_SIGN_STYLE = Automatic;
				DEVELOPMENT_TEAM = 2XNBUJ7N2K;
				INFOPLIST_FILE = ModuleBTests/Info.plist;
				LD_RUNPATH_SEARCH_PATHS = "$(inherited) @executable_path/Frameworks @loader_path/Frameworks";
				PRODUCT_BUNDLE_IDENTIFIER = DC.ModuleBTests;
				PRODUCT_NAME = "$(TARGET_NAME)";
				TARGETED_DEVICE_FAMILY = "1,2";
				TEST_HOST = "$(BUILT_PRODUCTS_DIR)/ModuleB.app/ModuleB";
			};
			name = Debug;
		};
		563A15712046B5680016B518 /* Release */ = {
			isa = XCBuildConfiguration;
			buildSettings = {
				BUNDLE_LOADER = "$(TEST_HOST)";
				CODE_SIGN_STYLE = Automatic;
				DEVELOPMENT_TEAM = 2XNBUJ7N2K;
				INFOPLIST_FILE = ModuleBTests/Info.plist;
				LD_RUNPATH_SEARCH_PATHS = "$(inherited) @executable_path/Frameworks @loader_path/Frameworks";
				PRODUCT_BUNDLE_IDENTIFIER = DC.ModuleBTests;
				PRODUCT_NAME = "$(TARGET_NAME)";
				TARGETED_DEVICE_FAMILY = "1,2";
				TEST_HOST = "$(BUILT_PRODUCTS_DIR)/ModuleB.app/ModuleB";
			};
			name = Release;
		};
		563A15732046B5680016B518 /* Debug */ = {
			isa = XCBuildConfiguration;
			buildSettings = {
				CODE_SIGN_STYLE = Automatic;
				DEVELOPMENT_TEAM = 2XNBUJ7N2K;
				INFOPLIST_FILE = ModuleBUITests/Info.plist;
				LD_RUNPATH_SEARCH_PATHS = "$(inherited) @executable_path/Frameworks @loader_path/Frameworks";
				PRODUCT_BUNDLE_IDENTIFIER = DC.ModuleBUITests;
				PRODUCT_NAME = "$(TARGET_NAME)";
				TARGETED_DEVICE_FAMILY = "1,2";
				TEST_TARGET_NAME = ModuleB;
			};
			name = Debug;
		};
		563A15742046B5680016B518 /* Release */ = {
			isa = XCBuildConfiguration;
			buildSettings = {
				CODE_SIGN_STYLE = Automatic;
				DEVELOPMENT_TEAM = 2XNBUJ7N2K;
				INFOPLIST_FILE = ModuleBUITests/Info.plist;
				LD_RUNPATH_SEARCH_PATHS = "$(inherited) @executable_path/Frameworks @loader_path/Frameworks";
				PRODUCT_BUNDLE_IDENTIFIER = DC.ModuleBUITests;
				PRODUCT_NAME = "$(TARGET_NAME)";
				TARGETED_DEVICE_FAMILY = "1,2";
				TEST_TARGET_NAME = ModuleB;
			};
			name = Release;
		};
/* End XCBuildConfiguration section */

/* Begin XCConfigurationList section */
		563A153B2046B5670016B518 /* Build configuration list for PBXProject "ModuleB" */ = {
			isa = XCConfigurationList;
			buildConfigurations = (
				563A156A2046B5680016B518 /* Debug */,
				563A156B2046B5680016B518 /* Release */,
			);
			defaultConfigurationIsVisible = 0;
			defaultConfigurationName = Release;
		};
		563A156C2046B5680016B518 /* Build configuration list for PBXNativeTarget "ModuleB" */ = {
			isa = XCConfigurationList;
			buildConfigurations = (
				563A156D2046B5680016B518 /* Debug */,
				563A156E2046B5680016B518 /* Release */,
			);
			defaultConfigurationIsVisible = 0;
			defaultConfigurationName = Release;
		};
		563A156F2046B5680016B518 /* Build configuration list for PBXNativeTarget "ModuleBTests" */ = {
			isa = XCConfigurationList;
			buildConfigurations = (
				563A15702046B5680016B518 /* Debug */,
				563A15712046B5680016B518 /* Release */,
			);
			defaultConfigurationIsVisible = 0;
			defaultConfigurationName = Release;
		};
		563A15722046B5680016B518 /* Build configuration list for PBXNativeTarget "ModuleBUITests" */ = {
			isa = XCConfigurationList;
			buildConfigurations = (
				563A15732046B5680016B518 /* Debug */,
				563A15742046B5680016B518 /* Release */,
			);
			defaultConfigurationIsVisible = 0;
			defaultConfigurationName = Release;
		};
/* End XCConfigurationList section */
	};
	rootObject = 563A15382046B5670016B518 /* Project object */;
}
